// !$*UTF8*$!
{
	archiveVersion = 1;
	classes = {
	};
	objectVersion = 48;
	objects = {

/* Begin PBXBuildFile section */
		72E79C39203D882F00FA005C /* AppDelegate.swift in Sources */ = {isa = PBXBuildFile; fileRef = 72E79C38203D882F00FA005C /* AppDelegate.swift */; };
		72E79C3B203D882F00FA005C /* ViewController.swift in Sources */ = {isa = PBXBuildFile; fileRef = 72E79C3A203D882F00FA005C /* ViewController.swift */; };
		72E79C3E203D883000FA005C /* Main.storyboard in Resources */ = {isa = PBXBuildFile; fileRef = 72E79C3C203D883000FA005C /* Main.storyboard */; };
		72E79C40203D883000FA005C /* Assets.xcassets in Resources */ = {isa = PBXBuildFile; fileRef = 72E79C3F203D883000FA005C /* Assets.xcassets */; };
		72E79C43203D883000FA005C /* LaunchScreen.storyboard in Resources */ = {isa = PBXBuildFile; fileRef = 72E79C41203D883000FA005C /* LaunchScreen.storyboard */; };
		72E79C4E203D883100FA005C /* GitHubTests.swift in Sources */ = {isa = PBXBuildFile; fileRef = 72E79C4D203D883100FA005C /* GitHubTests.swift */; };
		72E79C59203D89B300FA005C /* DetailViewController.swift in Sources */ = {isa = PBXBuildFile; fileRef = 72E79C58203D89B300FA005C /* DetailViewController.swift */; };
		72E79C5B203D9ADC00FA005C /* Repository.swift in Sources */ = {isa = PBXBuildFile; fileRef = 72E79C5A203D9ADC00FA005C /* Repository.swift */; };
		72E79C65203E120D00FA005C /* git.png in Resources */ = {isa = PBXBuildFile; fileRef = 72E79C64203E120C00FA005C /* git.png */; };
/* End PBXBuildFile section */

/* Begin PBXContainerItemProxy section */
		72E79C4A203D883100FA005C /* PBXContainerItemProxy */ = {
			isa = PBXContainerItemProxy;
			containerPortal = 72E79C2D203D882F00FA005C /* Project object */;
			proxyType = 1;
			remoteGlobalIDString = 72E79C34203D882F00FA005C;
			remoteInfo = GitHub;
		};
/* End PBXContainerItemProxy section */

/* Begin PBXFileReference section */
		72E79C35203D882F00FA005C /* GitHub.app */ = {isa = PBXFileReference; explicitFileType = wrapper.application; includeInIndex = 0; path = GitHub.app; sourceTree = BUILT_PRODUCTS_DIR; };
		72E79C38203D882F00FA005C /* AppDelegate.swift */ = {isa = PBXFileReference; lastKnownFileType = sourcecode.swift; path = AppDelegate.swift; sourceTree = "<group>"; };
		72E79C3A203D882F00FA005C /* ViewController.swift */ = {isa = PBXFileReference; lastKnownFileType = sourcecode.swift; path = ViewController.swift; sourceTree = "<group>"; };
		72E79C3D203D883000FA005C /* Base */ = {isa = PBXFileReference; lastKnownFileType = file.storyboard; name = Base; path = Base.lproj/Main.storyboard; sourceTree = "<group>"; };
		72E79C3F203D883000FA005C /* Assets.xcassets */ = {isa = PBXFileReference; lastKnownFileType = folder.assetcatalog; path = Assets.xcassets; sourceTree = "<group>"; };
		72E79C42203D883000FA005C /* Base */ = {isa = PBXFileReference; lastKnownFileType = file.storyboard; name = Base; path = Base.lproj/LaunchScreen.storyboard; sourceTree = "<group>"; };
		72E79C44203D883000FA005C /* Info.plist */ = {isa = PBXFileReference; lastKnownFileType = text.plist.xml; path = Info.plist; sourceTree = "<group>"; };
		72E79C49203D883100FA005C /* GitHubTests.xctest */ = {isa = PBXFileReference; explicitFileType = wrapper.cfbundle; includeInIndex = 0; path = GitHubTests.xctest; sourceTree = BUILT_PRODUCTS_DIR; };
		72E79C4D203D883100FA005C /* GitHubTests.swift */ = {isa = PBXFileReference; lastKnownFileType = sourcecode.swift; path = GitHubTests.swift; sourceTree = "<group>"; };
		72E79C4F203D883100FA005C /* Info.plist */ = {isa = PBXFileReference; lastKnownFileType = text.plist.xml; path = Info.plist; sourceTree = "<group>"; };
		72E79C58203D89B300FA005C /* DetailViewController.swift */ = {isa = PBXFileReference; lastKnownFileType = sourcecode.swift; path = DetailViewController.swift; sourceTree = "<group>"; };
		72E79C5A203D9ADC00FA005C /* Repository.swift */ = {isa = PBXFileReference; lastKnownFileType = sourcecode.swift; path = Repository.swift; sourceTree = "<group>"; };
		72E79C64203E120C00FA005C /* git.png */ = {isa = PBXFileReference; lastKnownFileType = image.png; name = git.png; path = ../../../../../Downloads/git.png; sourceTree = "<group>"; };
/* End PBXFileReference section */

/* Begin PBXFrameworksBuildPhase section */
		72E79C32203D882F00FA005C /* Frameworks */ = {
			isa = PBXFrameworksBuildPhase;
			buildActionMask = 2147483647;
			files = (
			);
			runOnlyForDeploymentPostprocessing = 0;
		};
		72E79C46203D883100FA005C /* Frameworks */ = {
			isa = PBXFrameworksBuildPhase;
			buildActionMask = 2147483647;
			files = (
			);
			runOnlyForDeploymentPostprocessing = 0;
		};
/* End PBXFrameworksBuildPhase section */

/* Begin PBXGroup section */
		72E79C2C203D882F00FA005C = {
			isa = PBXGroup;
			children = (
				72E79C37203D882F00FA005C /* GitHub */,
				72E79C4C203D883100FA005C /* GitHubTests */,
				72E79C36203D882F00FA005C /* Products */,
			);
			sourceTree = "<group>";
		};
		72E79C36203D882F00FA005C /* Products */ = {
			isa = PBXGroup;
			children = (
				72E79C35203D882F00FA005C /* GitHub.app */,
				72E79C49203D883100FA005C /* GitHubTests.xctest */,
			);
			name = Products;
			sourceTree = "<group>";
		};
		72E79C37203D882F00FA005C /* GitHub */ = {
			isa = PBXGroup;
			children = (
				72E79C38203D882F00FA005C /* AppDelegate.swift */,
				72E79C3A203D882F00FA005C /* ViewController.swift */,
				72E79C64203E120C00FA005C /* git.png */,
				72E79C3C203D883000FA005C /* Main.storyboard */,
				72E79C3F203D883000FA005C /* Assets.xcassets */,
				72E79C41203D883000FA005C /* LaunchScreen.storyboard */,
				72E79C44203D883000FA005C /* Info.plist */,
				72E79C58203D89B300FA005C /* DetailViewController.swift */,
				72E79C5A203D9ADC00FA005C /* Repository.swift */,
			);
			path = GitHub;
			sourceTree = "<group>";
		};
		72E79C4C203D883100FA005C /* GitHubTests */ = {
			isa = PBXGroup;
			children = (
				72E79C4D203D883100FA005C /* GitHubTests.swift */,
				72E79C4F203D883100FA005C /* Info.plist */,
			);
			path = GitHubTests;
			sourceTree = "<group>";
		};
/* End PBXGroup section */

/* Begin PBXNativeTarget section */
		72E79C34203D882F00FA005C /* GitHub */ = {
			isa = PBXNativeTarget;
			buildConfigurationList = 72E79C52203D883100FA005C /* Build configuration list for PBXNativeTarget "GitHub" */;
			buildPhases = (
				72E79C31203D882F00FA005C /* Sources */,
				72E79C32203D882F00FA005C /* Frameworks */,
				72E79C33203D882F00FA005C /* Resources */,
			);
			buildRules = (
			);
			dependencies = (
			);
			name = GitHub;
			productName = GitHub;
			productReference = 72E79C35203D882F00FA005C /* GitHub.app */;
			productType = "com.apple.product-type.application";
		};
		72E79C48203D883100FA005C /* GitHubTests */ = {
			isa = PBXNativeTarget;
			buildConfigurationList = 72E79C55203D883100FA005C /* Build configuration list for PBXNativeTarget "GitHubTests" */;
			buildPhases = (
				72E79C45203D883100FA005C /* Sources */,
				72E79C46203D883100FA005C /* Frameworks */,
				72E79C47203D883100FA005C /* Resources */,
			);
			buildRules = (
			);
			dependencies = (
				72E79C4B203D883100FA005C /* PBXTargetDependency */,
			);
			name = GitHubTests;
			productName = GitHubTests;
			productReference = 72E79C49203D883100FA005C /* GitHubTests.xctest */;
			productType = "com.apple.product-type.bundle.unit-test";
		};
/* End PBXNativeTarget section */

/* Begin PBXProject section */
		72E79C2D203D882F00FA005C /* Project object */ = {
			isa = PBXProject;
			attributes = {
				LastSwiftUpdateCheck = 0920;
				LastUpgradeCheck = 0920;
				ORGANIZATIONNAME = "Viktoriia Rohozhyna";
				TargetAttributes = {
					72E79C34203D882F00FA005C = {
						CreatedOnToolsVersion = 9.2;
						ProvisioningStyle = Automatic;
					};
					72E79C48203D883100FA005C = {
						CreatedOnToolsVersion = 9.2;
						ProvisioningStyle = Automatic;
						TestTargetID = 72E79C34203D882F00FA005C;
					};
				};
			};
			buildConfigurationList = 72E79C30203D882F00FA005C /* Build configuration list for PBXProject "GitHub" */;
			compatibilityVersion = "Xcode 8.0";
			developmentRegion = en;
			hasScannedForEncodings = 0;
			knownRegions = (
				en,
				Base,
			);
			mainGroup = 72E79C2C203D882F00FA005C;
			productRefGroup = 72E79C36203D882F00FA005C /* Products */;
			projectDirPath = "";
			projectRoot = "";
			targets = (
				72E79C34203D882F00FA005C /* GitHub */,
				72E79C48203D883100FA005C /* GitHubTests */,
			);
		};
/* End PBXProject section */

/* Begin PBXResourcesBuildPhase section */
		72E79C33203D882F00FA005C /* Resources */ = {
			isa = PBXResourcesBuildPhase;
			buildActionMask = 2147483647;
			files = (
				72E79C43203D883000FA005C /* LaunchScreen.storyboard in Resources */,
				72E79C40203D883000FA005C /* Assets.xcassets in Resources */,
				72E79C65203E120D00FA005C /* git.png in Resources */,
				72E79C3E203D883000FA005C /* Main.storyboard in Resources */,
			);
			runOnlyForDeploymentPostprocessing = 0;
		};
		72E79C47203D883100FA005C /* Resources */ = {
			isa = PBXResourcesBuildPhase;
			buildActionMask = 2147483647;
			files = (
			);
			runOnlyForDeploymentPostprocessing = 0;
		};
/* End PBXResourcesBuildPhase section */

/* Begin PBXSourcesBuildPhase section */
		72E79C31203D882F00FA005C /* Sources */ = {
			isa = PBXSourcesBuildPhase;
			buildActionMask = 2147483647;
			files = (
				72E79C59203D89B300FA005C /* DetailViewController.swift in Sources */,
				72E79C3B203D882F00FA005C /* ViewController.swift in Sources */,
				72E79C39203D882F00FA005C /* AppDelegate.swift in Sources */,
				72E79C5B203D9ADC00FA005C /* Repository.swift in Sources */,
			);
			runOnlyForDeploymentPostprocessing = 0;
		};
		72E79C45203D883100FA005C /* Sources */ = {
			isa = PBXSourcesBuildPhase;
			buildActionMask = 2147483647;
			files = (
				72E79C4E203D883100FA005C /* GitHubTests.swift in Sources */,
			);
			runOnlyForDeploymentPostprocessing = 0;
		};
/* End PBXSourcesBuildPhase section */

/* Begin PBXTargetDependency section */
		72E79C4B203D883100FA005C /* PBXTargetDependency */ = {
			isa = PBXTargetDependency;
			target = 72E79C34203D882F00FA005C /* GitHub */;
			targetProxy = 72E79C4A203D883100FA005C /* PBXContainerItemProxy */;
		};
/* End PBXTargetDependency section */

/* Begin PBXVariantGroup section */
		72E79C3C203D883000FA005C /* Main.storyboard */ = {
			isa = PBXVariantGroup;
			children = (
				72E79C3D203D883000FA005C /* Base */,
			);
			name = Main.storyboard;
			sourceTree = "<group>";
		};
		72E79C41203D883000FA005C /* LaunchScreen.storyboard */ = {
			isa = PBXVariantGroup;
			children = (
				72E79C42203D883000FA005C /* Base */,
			);
			name = LaunchScreen.storyboard;
			sourceTree = "<group>";
		};
/* End PBXVariantGroup section */

/* Begin XCBuildConfiguration section */
		72E79C50203D883100FA005C /* Debug */ = {
			isa = XCBuildConfiguration;
			buildSettings = {
				ALWAYS_SEARCH_USER_PATHS = NO;
				CLANG_ANALYZER_NONNULL = YES;
				CLANG_ANALYZER_NUMBER_OBJECT_CONVERSION = YES_AGGRESSIVE;
				CLANG_CXX_LANGUAGE_STANDARD = "gnu++14";
				CLANG_CXX_LIBRARY = "libc++";
				CLANG_ENABLE_MODULES = YES;
				CLANG_ENABLE_OBJC_ARC = YES;
				CLANG_WARN_BLOCK_CAPTURE_AUTORELEASING = YES;
				CLANG_WARN_BOOL_CONVERSION = YES;
				CLANG_WARN_COMMA = YES;
				CLANG_WARN_CONSTANT_CONVERSION = YES;
				CLANG_WARN_DIRECT_OBJC_ISA_USAGE = YES_ERROR;
				CLANG_WARN_DOCUMENTATION_COMMENTS = YES;
				CLANG_WARN_EMPTY_BODY = YES;
				CLANG_WARN_ENUM_CONVERSION = YES;
				CLANG_WARN_INFINITE_RECURSION = YES;
				CLANG_WARN_INT_CONVERSION = YES;
				CLANG_WARN_NON_LITERAL_NULL_CONVERSION = YES;
				CLANG_WARN_OBJC_LITERAL_CONVERSION = YES;
				CLANG_WARN_OBJC_ROOT_CLASS = YES_ERROR;
				CLANG_WARN_RANGE_LOOP_ANALYSIS = YES;
				CLANG_WARN_STRICT_PROTOTYPES = YES;
				CLANG_WARN_SUSPICIOUS_MOVE = YES;
				CLANG_WARN_UNGUARDED_AVAILABILITY = YES_AGGRESSIVE;
				CLANG_WARN_UNREACHABLE_CODE = YES;
				CLANG_WARN__DUPLICATE_METHOD_MATCH = YES;
				CODE_SIGN_IDENTITY = "iPhone Developer";
				COPY_PHASE_STRIP = NO;
				DEBUG_INFORMATION_FORMAT = dwarf;
				ENABLE_STRICT_OBJC_MSGSEND = YES;
				ENABLE_TESTABILITY = YES;
				GCC_C_LANGUAGE_STANDARD = gnu11;
				GCC_DYNAMIC_NO_PIC = NO;
				GCC_NO_COMMON_BLOCKS = YES;
				GCC_OPTIMIZATION_LEVEL = 0;
				GCC_PREPROCESSOR_DEFINITIONS = (
					"DEBUG=1",
					"$(inherited)",
				);
				GCC_WARN_64_TO_32_BIT_CONVERSION = YES;
				GCC_WARN_ABOUT_RETURN_TYPE = YES_ERROR;
				GCC_WARN_UNDECLARED_SELECTOR = YES;
				GCC_WARN_UNINITIALIZED_AUTOS = YES_AGGRESSIVE;
				GCC_WARN_UNUSED_FUNCTION = YES;
				GCC_WARN_UNUSED_VARIABLE = YES;
				IPHONEOS_DEPLOYMENT_TARGET = 11.2;
				MTL_ENABLE_DEBUG_INFO = YES;
				ONLY_ACTIVE_ARCH = YES;
				SDKROOT = iphoneos;
				SWIFT_ACTIVE_COMPILATION_CONDITIONS = DEBUG;
				SWIFT_OPTIMIZATION_LEVEL = "-Onone";
			};
			name = Debug;
		};
		72E79C51203D883100FA005C /* Release */ = {
			isa = XCBuildConfiguration;
			buildSettings = {
				ALWAYS_SEARCH_USER_PATHS = NO;
				CLANG_ANALYZER_NONNULL = YES;
				CLANG_ANALYZER_NUMBER_OBJECT_CONVERSION = YES_AGGRESSIVE;
				CLANG_CXX_LANGUAGE_STANDARD = "gnu++14";
				CLANG_CXX_LIBRARY = "libc++";
				CLANG_ENABLE_MODULES = YES;
				CLANG_ENABLE_OBJC_ARC = YES;
				CLANG_WARN_BLOCK_CAPTURE_AUTORELEASING = YES;
				CLANG_WARN_BOOL_CONVERSION = YES;
				CLANG_WARN_COMMA = YES;
				CLANG_WARN_CONSTANT_CONVERSION = YES;
				CLANG_WARN_DIRECT_OBJC_ISA_USAGE = YES_ERROR;
				CLANG_WARN_DOCUMENTATION_COMMENTS = YES;
				CLANG_WARN_EMPTY_BODY = YES;
				CLANG_WARN_ENUM_CONVERSION = YES;
				CLANG_WARN_INFINITE_RECURSION = YES;
				CLANG_WARN_INT_CONVERSION = YES;
				CLANG_WARN_NON_LITERAL_NULL_CONVERSION = YES;
				CLANG_WARN_OBJC_LITERAL_CONVERSION = YES;
				CLANG_WARN_OBJC_ROOT_CLASS = YES_ERROR;
				CLANG_WARN_RANGE_LOOP_ANALYSIS = YES;
				CLANG_WARN_STRICT_PROTOTYPES = YES;
				CLANG_WARN_SUSPICIOUS_MOVE = YES;
				CLANG_WARN_UNGUARDED_AVAILABILITY = YES_AGGRESSIVE;
				CLANG_WARN_UNREACHABLE_CODE = YES;
				CLANG_WARN__DUPLICATE_METHOD_MATCH = YES;
				CODE_SIGN_IDENTITY = "iPhone Developer";
				COPY_PHASE_STRIP = NO;
				DEBUG_INFORMATION_FORMAT = "dwarf-with-dsym";
				ENABLE_NS_ASSERTIONS = NO;
				ENABLE_STRICT_OBJC_MSGSEND = YES;
				GCC_C_LANGUAGE_STANDARD = gnu11;
				GCC_NO_COMMON_BLOCKS = YES;
				GCC_WARN_64_TO_32_BIT_CONVERSION = YES;
				GCC_WARN_ABOUT_RETURN_TYPE = YES_ERROR;
				GCC_WARN_UNDECLARED_SELECTOR = YES;
				GCC_WARN_UNINITIALIZED_AUTOS = YES_AGGRESSIVE;
				GCC_WARN_UNUSED_FUNCTION = YES;
				GCC_WARN_UNUSED_VARIABLE = YES;
				IPHONEOS_DEPLOYMENT_TARGET = 11.2;
				MTL_ENABLE_DEBUG_INFO = NO;
				SDKROOT = iphoneos;
				SWIFT_OPTIMIZATION_LEVEL = "-Owholemodule";
				VALIDATE_PRODUCT = YES;
			};
			name = Release;
		};
		72E79C53203D883100FA005C /* Debug */ = {
			isa = XCBuildConfiguration;
			buildSettings = {
				ASSETCATALOG_COMPILER_APPICON_NAME = AppIcon;
				CODE_SIGN_STYLE = Automatic;
				DEVELOPMENT_TEAM = U3WC8HAXW5;
				INFOPLIST_FILE = GitHub/Info.plist;
				LD_RUNPATH_SEARCH_PATHS = "$(inherited) @executable_path/Frameworks";
				PRODUCT_BUNDLE_IDENTIFIER = trori46.GitHub;
				PRODUCT_NAME = "$(TARGET_NAME)";
				SWIFT_VERSION = 4.0;
				TARGETED_DEVICE_FAMILY = "1,2";
			};
			name = Debug;
		};
		72E79C54203D883100FA005C /* Release */ = {
			isa = XCBuildConfiguration;
			buildSettings = {
				ASSETCATALOG_COMPILER_APPICON_NAME = AppIcon;
				CODE_SIGN_STYLE = Automatic;
				DEVELOPMENT_TEAM = U3WC8HAXW5;
				INFOPLIST_FILE = GitHub/Info.plist;
				LD_RUNPATH_SEARCH_PATHS = "$(inherited) @executable_path/Frameworks";
				PRODUCT_BUNDLE_IDENTIFIER = trori46.GitHub;
				PRODUCT_NAME = "$(TARGET_NAME)";
				SWIFT_VERSION = 4.0;
				TARGETED_DEVICE_FAMILY = "1,2";
			};
			name = Release;
		};
		72E79C56203D883100FA005C /* Debug */ = {
			isa = XCBuildConfiguration;
			buildSettings = {
				ALWAYS_EMBED_SWIFT_STANDARD_LIBRARIES = YES;
				BUNDLE_LOADER = "$(TEST_HOST)";
				CODE_SIGN_STYLE = Automatic;
				DEVELOPMENT_TEAM = U3WC8HAXW5;
				INFOPLIST_FILE = GitHubTests/Info.plist;
				LD_RUNPATH_SEARCH_PATHS = "$(inherited) @executable_path/Frameworks @loader_path/Frameworks";
				PRODUCT_BUNDLE_IDENTIFIER = trori46.GitHubTests;
				PRODUCT_NAME = "$(TARGET_NAME)";
				SWIFT_VERSION = 4.0;
				TARGETED_DEVICE_FAMILY = "1,2";
				TEST_HOST = "$(BUILT_PRODUCTS_DIR)/GitHub.app/GitHub";
			};
			name = Debug;
		};
		72E79C57203D883100FA005C /* Release */ = {
			isa = XCBuildConfiguration;
			buildSettings = {
				ALWAYS_EMBED_SWIFT_STANDARD_LIBRARIES = YES;
				BUNDLE_LOADER = "$(TEST_HOST)";
				CODE_SIGN_STYLE = Automatic;
				DEVELOPMENT_TEAM = U3WC8HAXW5;
				INFOPLIST_FILE = GitHubTests/Info.plist;
				LD_RUNPATH_SEARCH_PATHS = "$(inherited) @executable_path/Frameworks @loader_path/Frameworks";
				PRODUCT_BUNDLE_IDENTIFIER = trori46.GitHubTests;
				PRODUCT_NAME = "$(TARGET_NAME)";
				SWIFT_VERSION = 4.0;
				TARGETED_DEVICE_FAMILY = "1,2";
				TEST_HOST = "$(BUILT_PRODUCTS_DIR)/GitHub.app/GitHub";
			};
			name = Release;
		};
/* End XCBuildConfiguration section */

/* Begin XCConfigurationList section */
		72E79C30203D882F00FA005C /* Build configuration list for PBXProject "GitHub" */ = {
			isa = XCConfigurationList;
			buildConfigurations = (
				72E79C50203D883100FA005C /* Debug */,
				72E79C51203D883100FA005C /* Release */,
			);
			defaultConfigurationIsVisible = 0;
			defaultConfigurationName = Release;
		};
		72E79C52203D883100FA005C /* Build configuration list for PBXNativeTarget "GitHub" */ = {
			isa = XCConfigurationList;
			buildConfigurations = (
				72E79C53203D883100FA005C /* Debug */,
				72E79C54203D883100FA005C /* Release */,
			);
			defaultConfigurationIsVisible = 0;
			defaultConfigurationName = Release;
		};
		72E79C55203D883100FA005C /* Build configuration list for PBXNativeTarget "GitHubTests" */ = {
			isa = XCConfigurationList;
			buildConfigurations = (
				72E79C56203D883100FA005C /* Debug */,
				72E79C57203D883100FA005C /* Release */,
			);
			defaultConfigurationIsVisible = 0;
			defaultConfigurationName = Release;
		};
/* End XCConfigurationList section */
	};
	rootObject = 72E79C2D203D882F00FA005C /* Project object */;
}
